// !$*UTF8*$!
{
	archiveVersion = 1;
	classes = {
	};
	objectVersion = 46;
	objects = {

/* Begin PBXBuildFile section */
		1D87C3721C9DADA400D3A961 /* AppDelegate.swift in Sources */ = {isa = PBXBuildFile; fileRef = 1D87C3711C9DADA400D3A961 /* AppDelegate.swift */; };
		1D87C3771C9DADA400D3A961 /* Main.storyboard in Resources */ = {isa = PBXBuildFile; fileRef = 1D87C3751C9DADA400D3A961 /* Main.storyboard */; };
		1D87C3791C9DADA400D3A961 /* Assets.xcassets in Resources */ = {isa = PBXBuildFile; fileRef = 1D87C3781C9DADA400D3A961 /* Assets.xcassets */; };
		1D87C37C1C9DADA400D3A961 /* LaunchScreen.storyboard in Resources */ = {isa = PBXBuildFile; fileRef = 1D87C37A1C9DADA400D3A961 /* LaunchScreen.storyboard */; };
		1D87C3871C9DADA500D3A961 /* calcUlatrTests.swift in Sources */ = {isa = PBXBuildFile; fileRef = 1D87C3861C9DADA500D3A961 /* calcUlatrTests.swift */; };
		1D87C3921C9DD2CB00D3A961 /* Course.swift in Sources */ = {isa = PBXBuildFile; fileRef = 1D87C3911C9DD2CB00D3A961 /* Course.swift */; };
		1D87C3931C9DD2CB00D3A961 /* Course.swift in Sources */ = {isa = PBXBuildFile; fileRef = 1D87C3911C9DD2CB00D3A961 /* Course.swift */; };
		1D87C3951C9DF22A00D3A961 /* CourseTableViewCell.swift in Sources */ = {isa = PBXBuildFile; fileRef = 1D87C3941C9DF22A00D3A961 /* CourseTableViewCell.swift */; };
		1D87C3971C9DF4E100D3A961 /* CourseTableViewController.swift in Sources */ = {isa = PBXBuildFile; fileRef = 1D87C3961C9DF4E100D3A961 /* CourseTableViewController.swift */; };
		1D87C3991C9E0DE200D3A961 /* AddCourseViewController.swift in Sources */ = {isa = PBXBuildFile; fileRef = 1D87C3981C9E0DE200D3A961 /* AddCourseViewController.swift */; };
		2EC972DF1C9E8710008BF4EE /* CategoryTableViewCell.swift in Sources */ = {isa = PBXBuildFile; fileRef = 2EC972DE1C9E8710008BF4EE /* CategoryTableViewCell.swift */; };
		2EC972E11C9E8D56008BF4EE /* CategoriesTableViewController.swift in Sources */ = {isa = PBXBuildFile; fileRef = 2EC972E01C9E8D56008BF4EE /* CategoriesTableViewController.swift */; };
/* End PBXBuildFile section */

/* Begin PBXContainerItemProxy section */
		1D87C3831C9DADA500D3A961 /* PBXContainerItemProxy */ = {
			isa = PBXContainerItemProxy;
			containerPortal = 1D87C3661C9DADA400D3A961 /* Project object */;
			proxyType = 1;
			remoteGlobalIDString = 1D87C36D1C9DADA400D3A961;
			remoteInfo = calcUlatr;
		};
/* End PBXContainerItemProxy section */

/* Begin PBXFileReference section */
		1D87C36E1C9DADA400D3A961 /* calcUlatr.app */ = {isa = PBXFileReference; explicitFileType = wrapper.application; includeInIndex = 0; path = calcUlatr.app; sourceTree = BUILT_PRODUCTS_DIR; };
		1D87C3711C9DADA400D3A961 /* AppDelegate.swift */ = {isa = PBXFileReference; lastKnownFileType = sourcecode.swift; path = AppDelegate.swift; sourceTree = "<group>"; };
		1D87C3761C9DADA400D3A961 /* Base */ = {isa = PBXFileReference; lastKnownFileType = file.storyboard; name = Base; path = Base.lproj/Main.storyboard; sourceTree = "<group>"; };
		1D87C3781C9DADA400D3A961 /* Assets.xcassets */ = {isa = PBXFileReference; lastKnownFileType = folder.assetcatalog; path = Assets.xcassets; sourceTree = "<group>"; };
		1D87C37B1C9DADA400D3A961 /* Base */ = {isa = PBXFileReference; lastKnownFileType = file.storyboard; name = Base; path = Base.lproj/LaunchScreen.storyboard; sourceTree = "<group>"; };
		1D87C37D1C9DADA400D3A961 /* Info.plist */ = {isa = PBXFileReference; lastKnownFileType = text.plist.xml; path = Info.plist; sourceTree = "<group>"; };
		1D87C3821C9DADA500D3A961 /* calcUlatrTests.xctest */ = {isa = PBXFileReference; explicitFileType = wrapper.cfbundle; includeInIndex = 0; path = calcUlatrTests.xctest; sourceTree = BUILT_PRODUCTS_DIR; };
		1D87C3861C9DADA500D3A961 /* calcUlatrTests.swift */ = {isa = PBXFileReference; lastKnownFileType = sourcecode.swift; path = calcUlatrTests.swift; sourceTree = "<group>"; };
		1D87C3881C9DADA500D3A961 /* Info.plist */ = {isa = PBXFileReference; lastKnownFileType = text.plist.xml; path = Info.plist; sourceTree = "<group>"; };
		1D87C3911C9DD2CB00D3A961 /* Course.swift */ = {isa = PBXFileReference; fileEncoding = 4; lastKnownFileType = sourcecode.swift; path = Course.swift; sourceTree = "<group>"; };
		1D87C3941C9DF22A00D3A961 /* CourseTableViewCell.swift */ = {isa = PBXFileReference; fileEncoding = 4; lastKnownFileType = sourcecode.swift; name = CourseTableViewCell.swift; path = ../CourseTableViewCell.swift; sourceTree = "<group>"; };
		1D87C3961C9DF4E100D3A961 /* CourseTableViewController.swift */ = {isa = PBXFileReference; fileEncoding = 4; lastKnownFileType = sourcecode.swift; path = CourseTableViewController.swift; sourceTree = "<group>"; };
		1D87C3981C9E0DE200D3A961 /* AddCourseViewController.swift */ = {isa = PBXFileReference; fileEncoding = 4; lastKnownFileType = sourcecode.swift; path = AddCourseViewController.swift; sourceTree = "<group>"; };
		2EC972DE1C9E8710008BF4EE /* CategoryTableViewCell.swift */ = {isa = PBXFileReference; fileEncoding = 4; lastKnownFileType = sourcecode.swift; path = CategoryTableViewCell.swift; sourceTree = "<group>"; };
		2EC972E01C9E8D56008BF4EE /* CategoriesTableViewController.swift */ = {isa = PBXFileReference; fileEncoding = 4; lastKnownFileType = sourcecode.swift; path = CategoriesTableViewController.swift; sourceTree = "<group>"; };
/* End PBXFileReference section */

/* Begin PBXFrameworksBuildPhase section */
		1D87C36B1C9DADA400D3A961 /* Frameworks */ = {
			isa = PBXFrameworksBuildPhase;
			buildActionMask = 2147483647;
			files = (
			);
			runOnlyForDeploymentPostprocessing = 0;
		};
		1D87C37F1C9DADA500D3A961 /* Frameworks */ = {
			isa = PBXFrameworksBuildPhase;
			buildActionMask = 2147483647;
			files = (
			);
			runOnlyForDeploymentPostprocessing = 0;
		};
/* End PBXFrameworksBuildPhase section */

/* Begin PBXGroup section */
		1D87C3651C9DADA400D3A961 = {
			isa = PBXGroup;
			children = (
				1D87C3701C9DADA400D3A961 /* calcUlatr */,
				1D87C3851C9DADA500D3A961 /* calcUlatrTests */,
				1D87C36F1C9DADA400D3A961 /* Products */,
			);
			sourceTree = "<group>";
		};
		1D87C36F1C9DADA400D3A961 /* Products */ = {
			isa = PBXGroup;
			children = (
				1D87C36E1C9DADA400D3A961 /* calcUlatr.app */,
				1D87C3821C9DADA500D3A961 /* calcUlatrTests.xctest */,
			);
			name = Products;
			sourceTree = "<group>";
		};
		1D87C3701C9DADA400D3A961 /* calcUlatr */ = {
			isa = PBXGroup;
			children = (
				1D87C3941C9DF22A00D3A961 /* CourseTableViewCell.swift */,
				2EC972DE1C9E8710008BF4EE /* CategoryTableViewCell.swift */,
				1D87C3711C9DADA400D3A961 /* AppDelegate.swift */,
				1D87C3981C9E0DE200D3A961 /* AddCourseViewController.swift */,
				1D87C3751C9DADA400D3A961 /* Main.storyboard */,
				2EC972E01C9E8D56008BF4EE /* CategoriesTableViewController.swift */,
				1D87C3961C9DF4E100D3A961 /* CourseTableViewController.swift */,
				1D87C3911C9DD2CB00D3A961 /* Course.swift */,
				1D87C3781C9DADA400D3A961 /* Assets.xcassets */,
				1D87C37A1C9DADA400D3A961 /* LaunchScreen.storyboard */,
				1D87C37D1C9DADA400D3A961 /* Info.plist */,
			);
			path = calcUlatr;
			sourceTree = "<group>";
		};
		1D87C3851C9DADA500D3A961 /* calcUlatrTests */ = {
			isa = PBXGroup;
			children = (
				1D87C3861C9DADA500D3A961 /* calcUlatrTests.swift */,
				1D87C3881C9DADA500D3A961 /* Info.plist */,
			);
			path = calcUlatrTests;
			sourceTree = "<group>";
		};
/* End PBXGroup section */

/* Begin PBXNativeTarget section */
		1D87C36D1C9DADA400D3A961 /* calcUlatr */ = {
			isa = PBXNativeTarget;
			buildConfigurationList = 1D87C38B1C9DADA500D3A961 /* Build configuration list for PBXNativeTarget "calcUlatr" */;
			buildPhases = (
				1D87C36A1C9DADA400D3A961 /* Sources */,
				1D87C36B1C9DADA400D3A961 /* Frameworks */,
				1D87C36C1C9DADA400D3A961 /* Resources */,
			);
			buildRules = (
			);
			dependencies = (
			);
			name = calcUlatr;
			productName = calcUlatr;
			productReference = 1D87C36E1C9DADA400D3A961 /* calcUlatr.app */;
			productType = "com.apple.product-type.application";
		};
		1D87C3811C9DADA500D3A961 /* calcUlatrTests */ = {
			isa = PBXNativeTarget;
			buildConfigurationList = 1D87C38E1C9DADA500D3A961 /* Build configuration list for PBXNativeTarget "calcUlatrTests" */;
			buildPhases = (
				1D87C37E1C9DADA500D3A961 /* Sources */,
				1D87C37F1C9DADA500D3A961 /* Frameworks */,
				1D87C3801C9DADA500D3A961 /* Resources */,
			);
			buildRules = (
			);
			dependencies = (
				1D87C3841C9DADA500D3A961 /* PBXTargetDependency */,
			);
			name = calcUlatrTests;
			productName = calcUlatrTests;
			productReference = 1D87C3821C9DADA500D3A961 /* calcUlatrTests.xctest */;
			productType = "com.apple.product-type.bundle.unit-test";
		};
/* End PBXNativeTarget section */

/* Begin PBXProject section */
		1D87C3661C9DADA400D3A961 /* Project object */ = {
			isa = PBXProject;
			attributes = {
				LastSwiftUpdateCheck = 0720;
				LastUpgradeCheck = 0720;
				ORGANIZATIONNAME = "Preference Digital";
				TargetAttributes = {
					1D87C36D1C9DADA400D3A961 = {
						CreatedOnToolsVersion = 7.2.1;
					};
					1D87C3811C9DADA500D3A961 = {
						CreatedOnToolsVersion = 7.2.1;
						TestTargetID = 1D87C36D1C9DADA400D3A961;
					};
				};
			};
			buildConfigurationList = 1D87C3691C9DADA400D3A961 /* Build configuration list for PBXProject "calcUlatr" */;
			compatibilityVersion = "Xcode 3.2";
			developmentRegion = English;
			hasScannedForEncodings = 0;
			knownRegions = (
				en,
				Base,
			);
			mainGroup = 1D87C3651C9DADA400D3A961;
			productRefGroup = 1D87C36F1C9DADA400D3A961 /* Products */;
			projectDirPath = "";
			projectRoot = "";
			targets = (
				1D87C36D1C9DADA400D3A961 /* calcUlatr */,
				1D87C3811C9DADA500D3A961 /* calcUlatrTests */,
			);
		};
/* End PBXProject section */

/* Begin PBXResourcesBuildPhase section */
		1D87C36C1C9DADA400D3A961 /* Resources */ = {
			isa = PBXResourcesBuildPhase;
			buildActionMask = 2147483647;
			files = (
				1D87C37C1C9DADA400D3A961 /* LaunchScreen.storyboard in Resources */,
				1D87C3791C9DADA400D3A961 /* Assets.xcassets in Resources */,
				1D87C3771C9DADA400D3A961 /* Main.storyboard in Resources */,
			);
			runOnlyForDeploymentPostprocessing = 0;
		};
		1D87C3801C9DADA500D3A961 /* Resources */ = {
			isa = PBXResourcesBuildPhase;
			buildActionMask = 2147483647;
			files = (
			);
			runOnlyForDeploymentPostprocessing = 0;
		};
/* End PBXResourcesBuildPhase section */

/* Begin PBXSourcesBuildPhase section */
		1D87C36A1C9DADA400D3A961 /* Sources */ = {
			isa = PBXSourcesBuildPhase;
			buildActionMask = 2147483647;
			files = (
				1D87C3971C9DF4E100D3A961 /* CourseTableViewController.swift in Sources */,
				1D87C3991C9E0DE200D3A961 /* AddCourseViewController.swift in Sources */,
				2EC972E11C9E8D56008BF4EE /* CategoriesTableViewController.swift in Sources */,
				1D87C3951C9DF22A00D3A961 /* CourseTableViewCell.swift in Sources */,
				2EC972DF1C9E8710008BF4EE /* CategoryTableViewCell.swift in Sources */,
				1D87C3921C9DD2CB00D3A961 /* Course.swift in Sources */,
				1D87C3721C9DADA400D3A961 /* AppDelegate.swift in Sources */,
			);
			runOnlyForDeploymentPostprocessing = 0;
		};
		1D87C37E1C9DADA500D3A961 /* Sources */ = {
			isa = PBXSourcesBuildPhase;
			buildActionMask = 2147483647;
			files = (
				1D87C3931C9DD2CB00D3A961 /* Course.swift in Sources */,
				1D87C3871C9DADA500D3A961 /* calcUlatrTests.swift in Sources */,
			);
			runOnlyForDeploymentPostprocessing = 0;
		};
/* End PBXSourcesBuildPhase section */

/* Begin PBXTargetDependency section */
		1D87C3841C9DADA500D3A961 /* PBXTargetDependency */ = {
			isa = PBXTargetDependency;
			target = 1D87C36D1C9DADA400D3A961 /* calcUlatr */;
			targetProxy = 1D87C3831C9DADA500D3A961 /* PBXContainerItemProxy */;
		};
/* End PBXTargetDependency section */

/* Begin PBXVariantGroup section */
		1D87C3751C9DADA400D3A961 /* Main.storyboard */ = {
			isa = PBXVariantGroup;
			children = (
				1D87C3761C9DADA400D3A961 /* Base */,
			);
			name = Main.storyboard;
			sourceTree = "<group>";
		};
		1D87C37A1C9DADA400D3A961 /* LaunchScreen.storyboard */ = {
			isa = PBXVariantGroup;
			children = (
				1D87C37B1C9DADA400D3A961 /* Base */,
			);
			name = LaunchScreen.storyboard;
			sourceTree = "<group>";
		};
/* End PBXVariantGroup section */

/* Begin XCBuildConfiguration section */
		1D87C3891C9DADA500D3A961 /* Debug */ = {
			isa = XCBuildConfiguration;
			buildSettings = {
				ALWAYS_SEARCH_USER_PATHS = NO;
				CLANG_CXX_LANGUAGE_STANDARD = "gnu++0x";
				CLANG_CXX_LIBRARY = "libc++";
				CLANG_ENABLE_MODULES = YES;
				CLANG_ENABLE_OBJC_ARC = YES;
				CLANG_WARN_BOOL_CONVERSION = YES;
				CLANG_WARN_CONSTANT_CONVERSION = YES;
				CLANG_WARN_DIRECT_OBJC_ISA_USAGE = YES_ERROR;
				CLANG_WARN_EMPTY_BODY = YES;
				CLANG_WARN_ENUM_CONVERSION = YES;
				CLANG_WARN_INT_CONVERSION = YES;
				CLANG_WARN_OBJC_ROOT_CLASS = YES_ERROR;
				CLANG_WARN_UNREACHABLE_CODE = YES;
				CLANG_WARN__DUPLICATE_METHOD_MATCH = YES;
				"CODE_SIGN_IDENTITY[sdk=iphoneos*]" = "iPhone Developer";
				COPY_PHASE_STRIP = NO;
				DEBUG_INFORMATION_FORMAT = dwarf;
				ENABLE_STRICT_OBJC_MSGSEND = YES;
				ENABLE_TESTABILITY = YES;
				GCC_C_LANGUAGE_STANDARD = gnu99;
				GCC_DYNAMIC_NO_PIC = NO;
				GCC_NO_COMMON_BLOCKS = YES;
				GCC_OPTIMIZATION_LEVEL = 0;
				GCC_PREPROCESSOR_DEFINITIONS = (
					"DEBUG=1",
					"$(inherited)",
				);
				GCC_WARN_64_TO_32_BIT_CONVERSION = YES;
				GCC_WARN_ABOUT_RETURN_TYPE = YES_ERROR;
				GCC_WARN_UNDECLARED_SELECTOR = YES;
				GCC_WARN_UNINITIALIZED_AUTOS = YES_AGGRESSIVE;
				GCC_WARN_UNUSED_FUNCTION = YES;
				GCC_WARN_UNUSED_VARIABLE = YES;
				IPHONEOS_DEPLOYMENT_TARGET = 9.2;
				MTL_ENABLE_DEBUG_INFO = YES;
				ONLY_ACTIVE_ARCH = YES;
				SDKROOT = iphoneos;
				SWIFT_OPTIMIZATION_LEVEL = "-Onone";
				TARGETED_DEVICE_FAMILY = "1,2";
			};
			name = Debug;
		};
		1D87C38A1C9DADA500D3A961 /* Release */ = {
			isa = XCBuildConfiguration;
			buildSettings = {
				ALWAYS_SEARCH_USER_PATHS = NO;
				CLANG_CXX_LANGUAGE_STANDARD = "gnu++0x";
				CLANG_CXX_LIBRARY = "libc++";
				CLANG_ENABLE_MODULES = YES;
				CLANG_ENABLE_OBJC_ARC = YES;
				CLANG_WARN_BOOL_CONVERSION = YES;
				CLANG_WARN_CONSTANT_CONVERSION = YES;
				CLANG_WARN_DIRECT_OBJC_ISA_USAGE = YES_ERROR;
				CLANG_WARN_EMPTY_BODY = YES;
				CLANG_WARN_ENUM_CONVERSION = YES;
				CLANG_WARN_INT_CONVERSION = YES;
				CLANG_WARN_OBJC_ROOT_CLASS = YES_ERROR;
				CLANG_WARN_UNREACHABLE_CODE = YES;
				CLANG_WARN__DUPLICATE_METHOD_MATCH = YES;
				"CODE_SIGN_IDENTITY[sdk=iphoneos*]" = "iPhone Developer";
				COPY_PHASE_STRIP = NO;
				DEBUG_INFORMATION_FORMAT = "dwarf-with-dsym";
				ENABLE_NS_ASSERTIONS = NO;
				ENABLE_STRICT_OBJC_MSGSEND = YES;
				GCC_C_LANGUAGE_STANDARD = gnu99;
				GCC_NO_COMMON_BLOCKS = YES;
				GCC_WARN_64_TO_32_BIT_CONVERSION = YES;
				GCC_WARN_ABOUT_RETURN_TYPE = YES_ERROR;
				GCC_WARN_UNDECLARED_SELECTOR = YES;
				GCC_WARN_UNINITIALIZED_AUTOS = YES_AGGRESSIVE;
				GCC_WARN_UNUSED_FUNCTION = YES;
				GCC_WARN_UNUSED_VARIABLE = YES;
				IPHONEOS_DEPLOYMENT_TARGET = 9.2;
				MTL_ENABLE_DEBUG_INFO = NO;
				SDKROOT = iphoneos;
				TARGETED_DEVICE_FAMILY = "1,2";
				VALIDATE_PRODUCT = YES;
			};
			name = Release;
		};
		1D87C38C1C9DADA500D3A961 /* Debug */ = {
			isa = XCBuildConfiguration;
			buildSettings = {
				ASSETCATALOG_COMPILER_APPICON_NAME = AppIcon;
				INFOPLIST_FILE = calcUlatr/Info.plist;
				LD_RUNPATH_SEARCH_PATHS = "$(inherited) @executable_path/Frameworks";
				PRODUCT_BUNDLE_IDENTIFIER = com.preferencedigital.calcUlatr;
				PRODUCT_NAME = "$(TARGET_NAME)";
			};
			name = Debug;
		};
		1D87C38D1C9DADA500D3A961 /* Release */ = {
			isa = XCBuildConfiguration;
			buildSettings = {
				ASSETCATALOG_COMPILER_APPICON_NAME = AppIcon;
				INFOPLIST_FILE = calcUlatr/Info.plist;
				LD_RUNPATH_SEARCH_PATHS = "$(inherited) @executable_path/Frameworks";
				PRODUCT_BUNDLE_IDENTIFIER = com.preferencedigital.calcUlatr;
				PRODUCT_NAME = "$(TARGET_NAME)";
			};
			name = Release;
		};
		1D87C38F1C9DADA500D3A961 /* Debug */ = {
			isa = XCBuildConfiguration;
			buildSettings = {
				BUNDLE_LOADER = "$(TEST_HOST)";
				INFOPLIST_FILE = calcUlatrTests/Info.plist;
				LD_RUNPATH_SEARCH_PATHS = "$(inherited) @executable_path/Frameworks @loader_path/Frameworks";
				PRODUCT_BUNDLE_IDENTIFIER = com.preferencedigital.calcUlatrTests;
				PRODUCT_NAME = "$(TARGET_NAME)";
				TEST_HOST = "$(BUILT_PRODUCTS_DIR)/calcUlatr.app/calcUlatr";
			};
			name = Debug;
		};
		1D87C3901C9DADA500D3A961 /* Release */ = {
			isa = XCBuildConfiguration;
			buildSettings = {
				BUNDLE_LOADER = "$(TEST_HOST)";
				INFOPLIST_FILE = calcUlatrTests/Info.plist;
				LD_RUNPATH_SEARCH_PATHS = "$(inherited) @executable_path/Frameworks @loader_path/Frameworks";
				PRODUCT_BUNDLE_IDENTIFIER = com.preferencedigital.calcUlatrTests;
				PRODUCT_NAME = "$(TARGET_NAME)";
				TEST_HOST = "$(BUILT_PRODUCTS_DIR)/calcUlatr.app/calcUlatr";
			};
			name = Release;
		};
/* End XCBuildConfiguration section */

/* Begin XCConfigurationList section */
		1D87C3691C9DADA400D3A961 /* Build configuration list for PBXProject "calcUlatr" */ = {
			isa = XCConfigurationList;
			buildConfigurations = (
				1D87C3891C9DADA500D3A961 /* Debug */,
				1D87C38A1C9DADA500D3A961 /* Release */,
			);
			defaultConfigurationIsVisible = 0;
			defaultConfigurationName = Release;
		};
		1D87C38B1C9DADA500D3A961 /* Build configuration list for PBXNativeTarget "calcUlatr" */ = {
			isa = XCConfigurationList;
			buildConfigurations = (
				1D87C38C1C9DADA500D3A961 /* Debug */,
				1D87C38D1C9DADA500D3A961 /* Release */,
			);
			defaultConfigurationIsVisible = 0;
			defaultConfigurationName = Release;
		};
		1D87C38E1C9DADA500D3A961 /* Build configuration list for PBXNativeTarget "calcUlatrTests" */ = {
			isa = XCConfigurationList;
			buildConfigurations = (
				1D87C38F1C9DADA500D3A961 /* Debug */,
				1D87C3901C9DADA500D3A961 /* Release */,
			);
			defaultConfigurationIsVisible = 0;
			defaultConfigurationName = Release;
		};
/* End XCConfigurationList section */
	};
	rootObject = 1D87C3661C9DADA400D3A961 /* Project object */;
}
